// !$*UTF8*$!
{
	archiveVersion = 1;
	classes = {
	};
	objectVersion = 46;
	objects = {

/* Begin PBXBuildFile section */
		7CC756421BBCEF9F007D6AAB /* AppDelegate.swift in Sources */ = {isa = PBXBuildFile; fileRef = 7CC756411BBCEF9F007D6AAB /* AppDelegate.swift */; };
		7CC756441BBCEF9F007D6AAB /* ViewController.swift in Sources */ = {isa = PBXBuildFile; fileRef = 7CC756431BBCEF9F007D6AAB /* ViewController.swift */; };
		7CC756471BBCEF9F007D6AAB /* Main.storyboard in Resources */ = {isa = PBXBuildFile; fileRef = 7CC756451BBCEF9F007D6AAB /* Main.storyboard */; };
		7CC756491BBCEF9F007D6AAB /* Assets.xcassets in Resources */ = {isa = PBXBuildFile; fileRef = 7CC756481BBCEF9F007D6AAB /* Assets.xcassets */; };
		7CC7564C1BBCEF9F007D6AAB /* LaunchScreen.storyboard in Resources */ = {isa = PBXBuildFile; fileRef = 7CC7564A1BBCEF9F007D6AAB /* LaunchScreen.storyboard */; };
		7CC756571BBCEF9F007D6AAB /* MailboxTests.swift in Sources */ = {isa = PBXBuildFile; fileRef = 7CC756561BBCEF9F007D6AAB /* MailboxTests.swift */; };
		7CC756621BBCEF9F007D6AAB /* MailboxUITests.swift in Sources */ = {isa = PBXBuildFile; fileRef = 7CC756611BBCEF9F007D6AAB /* MailboxUITests.swift */; };
/* End PBXBuildFile section */

/* Begin PBXContainerItemProxy section */
		7CC756531BBCEF9F007D6AAB /* PBXContainerItemProxy */ = {
			isa = PBXContainerItemProxy;
			containerPortal = 7CC756361BBCEF9F007D6AAB /* Project object */;
			proxyType = 1;
			remoteGlobalIDString = 7CC7563D1BBCEF9F007D6AAB;
			remoteInfo = Mailbox;
		};
		7CC7565E1BBCEF9F007D6AAB /* PBXContainerItemProxy */ = {
			isa = PBXContainerItemProxy;
			containerPortal = 7CC756361BBCEF9F007D6AAB /* Project object */;
			proxyType = 1;
			remoteGlobalIDString = 7CC7563D1BBCEF9F007D6AAB;
			remoteInfo = Mailbox;
		};
/* End PBXContainerItemProxy section */

/* Begin PBXFileReference section */
		7CC7563E1BBCEF9F007D6AAB /* Mailbox.app */ = {isa = PBXFileReference; explicitFileType = wrapper.application; includeInIndex = 0; path = Mailbox.app; sourceTree = BUILT_PRODUCTS_DIR; };
		7CC756411BBCEF9F007D6AAB /* AppDelegate.swift */ = {isa = PBXFileReference; lastKnownFileType = sourcecode.swift; path = AppDelegate.swift; sourceTree = "<group>"; };
		7CC756431BBCEF9F007D6AAB /* ViewController.swift */ = {isa = PBXFileReference; lastKnownFileType = sourcecode.swift; path = ViewController.swift; sourceTree = "<group>"; };
		7CC756461BBCEF9F007D6AAB /* Base */ = {isa = PBXFileReference; lastKnownFileType = file.storyboard; name = Base; path = Base.lproj/Main.storyboard; sourceTree = "<group>"; };
		7CC756481BBCEF9F007D6AAB /* Assets.xcassets */ = {isa = PBXFileReference; lastKnownFileType = folder.assetcatalog; path = Assets.xcassets; sourceTree = "<group>"; };
		7CC7564B1BBCEF9F007D6AAB /* Base */ = {isa = PBXFileReference; lastKnownFileType = file.storyboard; name = Base; path = Base.lproj/LaunchScreen.storyboard; sourceTree = "<group>"; };
		7CC7564D1BBCEF9F007D6AAB /* Info.plist */ = {isa = PBXFileReference; lastKnownFileType = text.plist.xml; path = Info.plist; sourceTree = "<group>"; };
		7CC756521BBCEF9F007D6AAB /* MailboxTests.xctest */ = {isa = PBXFileReference; explicitFileType = wrapper.cfbundle; includeInIndex = 0; path = MailboxTests.xctest; sourceTree = BUILT_PRODUCTS_DIR; };
		7CC756561BBCEF9F007D6AAB /* MailboxTests.swift */ = {isa = PBXFileReference; lastKnownFileType = sourcecode.swift; path = MailboxTests.swift; sourceTree = "<group>"; };
		7CC756581BBCEF9F007D6AAB /* Info.plist */ = {isa = PBXFileReference; lastKnownFileType = text.plist.xml; path = Info.plist; sourceTree = "<group>"; };
		7CC7565D1BBCEF9F007D6AAB /* MailboxUITests.xctest */ = {isa = PBXFileReference; explicitFileType = wrapper.cfbundle; includeInIndex = 0; path = MailboxUITests.xctest; sourceTree = BUILT_PRODUCTS_DIR; };
		7CC756611BBCEF9F007D6AAB /* MailboxUITests.swift */ = {isa = PBXFileReference; lastKnownFileType = sourcecode.swift; path = MailboxUITests.swift; sourceTree = "<group>"; };
		7CC756631BBCEF9F007D6AAB /* Info.plist */ = {isa = PBXFileReference; lastKnownFileType = text.plist.xml; path = Info.plist; sourceTree = "<group>"; };
/* End PBXFileReference section */

/* Begin PBXFrameworksBuildPhase section */
		7CC7563B1BBCEF9F007D6AAB /* Frameworks */ = {
			isa = PBXFrameworksBuildPhase;
			buildActionMask = 2147483647;
			files = (
			);
			runOnlyForDeploymentPostprocessing = 0;
		};
		7CC7564F1BBCEF9F007D6AAB /* Frameworks */ = {
			isa = PBXFrameworksBuildPhase;
			buildActionMask = 2147483647;
			files = (
			);
			runOnlyForDeploymentPostprocessing = 0;
		};
		7CC7565A1BBCEF9F007D6AAB /* Frameworks */ = {
			isa = PBXFrameworksBuildPhase;
			buildActionMask = 2147483647;
			files = (
			);
			runOnlyForDeploymentPostprocessing = 0;
		};
/* End PBXFrameworksBuildPhase section */

/* Begin PBXGroup section */
		7CC756351BBCEF9F007D6AAB = {
			isa = PBXGroup;
			children = (
				7CC756401BBCEF9F007D6AAB /* Mailbox */,
				7CC756551BBCEF9F007D6AAB /* MailboxTests */,
				7CC756601BBCEF9F007D6AAB /* MailboxUITests */,
				7CC7563F1BBCEF9F007D6AAB /* Products */,
			);
			sourceTree = "<group>";
		};
		7CC7563F1BBCEF9F007D6AAB /* Products */ = {
			isa = PBXGroup;
			children = (
				7CC7563E1BBCEF9F007D6AAB /* Mailbox.app */,
				7CC756521BBCEF9F007D6AAB /* MailboxTests.xctest */,
				7CC7565D1BBCEF9F007D6AAB /* MailboxUITests.xctest */,
			);
			name = Products;
			sourceTree = "<group>";
		};
		7CC756401BBCEF9F007D6AAB /* Mailbox */ = {
			isa = PBXGroup;
			children = (
				7CC756411BBCEF9F007D6AAB /* AppDelegate.swift */,
				7CC756431BBCEF9F007D6AAB /* ViewController.swift */,
				7CC756451BBCEF9F007D6AAB /* Main.storyboard */,
				7CC756481BBCEF9F007D6AAB /* Assets.xcassets */,
				7CC7564A1BBCEF9F007D6AAB /* LaunchScreen.storyboard */,
				7CC7564D1BBCEF9F007D6AAB /* Info.plist */,
			);
			path = Mailbox;
			sourceTree = "<group>";
		};
		7CC756551BBCEF9F007D6AAB /* MailboxTests */ = {
			isa = PBXGroup;
			children = (
				7CC756561BBCEF9F007D6AAB /* MailboxTests.swift */,
				7CC756581BBCEF9F007D6AAB /* Info.plist */,
			);
			path = MailboxTests;
			sourceTree = "<group>";
		};
		7CC756601BBCEF9F007D6AAB /* MailboxUITests */ = {
			isa = PBXGroup;
			children = (
				7CC756611BBCEF9F007D6AAB /* MailboxUITests.swift */,
				7CC756631BBCEF9F007D6AAB /* Info.plist */,
			);
			path = MailboxUITests;
			sourceTree = "<group>";
		};
/* End PBXGroup section */

/* Begin PBXNativeTarget section */
		7CC7563D1BBCEF9F007D6AAB /* Mailbox */ = {
			isa = PBXNativeTarget;
			buildConfigurationList = 7CC756661BBCEF9F007D6AAB /* Build configuration list for PBXNativeTarget "Mailbox" */;
			buildPhases = (
				7CC7563A1BBCEF9F007D6AAB /* Sources */,
				7CC7563B1BBCEF9F007D6AAB /* Frameworks */,
				7CC7563C1BBCEF9F007D6AAB /* Resources */,
			);
			buildRules = (
			);
			dependencies = (
			);
			name = Mailbox;
			productName = Mailbox;
			productReference = 7CC7563E1BBCEF9F007D6AAB /* Mailbox.app */;
			productType = "com.apple.product-type.application";
		};
		7CC756511BBCEF9F007D6AAB /* MailboxTests */ = {
			isa = PBXNativeTarget;
			buildConfigurationList = 7CC756691BBCEF9F007D6AAB /* Build configuration list for PBXNativeTarget "MailboxTests" */;
			buildPhases = (
				7CC7564E1BBCEF9F007D6AAB /* Sources */,
				7CC7564F1BBCEF9F007D6AAB /* Frameworks */,
				7CC756501BBCEF9F007D6AAB /* Resources */,
			);
			buildRules = (
			);
			dependencies = (
				7CC756541BBCEF9F007D6AAB /* PBXTargetDependency */,
			);
			name = MailboxTests;
			productName = MailboxTests;
			productReference = 7CC756521BBCEF9F007D6AAB /* MailboxTests.xctest */;
			productType = "com.apple.product-type.bundle.unit-test";
		};
		7CC7565C1BBCEF9F007D6AAB /* MailboxUITests */ = {
			isa = PBXNativeTarget;
			buildConfigurationList = 7CC7566C1BBCEF9F007D6AAB /* Build configuration list for PBXNativeTarget "MailboxUITests" */;
			buildPhases = (
				7CC756591BBCEF9F007D6AAB /* Sources */,
				7CC7565A1BBCEF9F007D6AAB /* Frameworks */,
				7CC7565B1BBCEF9F007D6AAB /* Resources */,
			);
			buildRules = (
			);
			dependencies = (
				7CC7565F1BBCEF9F007D6AAB /* PBXTargetDependency */,
			);
			name = MailboxUITests;
			productName = MailboxUITests;
			productReference = 7CC7565D1BBCEF9F007D6AAB /* MailboxUITests.xctest */;
			productType = "com.apple.product-type.bundle.ui-testing";
		};
/* End PBXNativeTarget section */

/* Begin PBXProject section */
		7CC756361BBCEF9F007D6AAB /* Project object */ = {
			isa = PBXProject;
			attributes = {
				LastUpgradeCheck = 0700;
				ORGANIZATIONNAME = "Tracey Ewart";
				TargetAttributes = {
					7CC7563D1BBCEF9F007D6AAB = {
						CreatedOnToolsVersion = 7.0;
					};
					7CC756511BBCEF9F007D6AAB = {
						CreatedOnToolsVersion = 7.0;
						TestTargetID = 7CC7563D1BBCEF9F007D6AAB;
					};
					7CC7565C1BBCEF9F007D6AAB = {
						CreatedOnToolsVersion = 7.0;
						TestTargetID = 7CC7563D1BBCEF9F007D6AAB;
					};
				};
			};
			buildConfigurationList = 7CC756391BBCEF9F007D6AAB /* Build configuration list for PBXProject "Mailbox" */;
			compatibilityVersion = "Xcode 3.2";
			developmentRegion = English;
			hasScannedForEncodings = 0;
			knownRegions = (
				en,
				Base,
			);
			mainGroup = 7CC756351BBCEF9F007D6AAB;
			productRefGroup = 7CC7563F1BBCEF9F007D6AAB /* Products */;
			projectDirPath = "";
			projectRoot = "";
			targets = (
				7CC7563D1BBCEF9F007D6AAB /* Mailbox */,
				7CC756511BBCEF9F007D6AAB /* MailboxTests */,
				7CC7565C1BBCEF9F007D6AAB /* MailboxUITests */,
			);
		};
/* End PBXProject section */

/* Begin PBXResourcesBuildPhase section */
		7CC7563C1BBCEF9F007D6AAB /* Resources */ = {
			isa = PBXResourcesBuildPhase;
			buildActionMask = 2147483647;
			files = (
				7CC7564C1BBCEF9F007D6AAB /* LaunchScreen.storyboard in Resources */,
				7CC756491BBCEF9F007D6AAB /* Assets.xcassets in Resources */,
				7CC756471BBCEF9F007D6AAB /* Main.storyboard in Resources */,
			);
			runOnlyForDeploymentPostprocessing = 0;
		};
		7CC756501BBCEF9F007D6AAB /* Resources */ = {
			isa = PBXResourcesBuildPhase;
			buildActionMask = 2147483647;
			files = (
			);
			runOnlyForDeploymentPostprocessing = 0;
		};
		7CC7565B1BBCEF9F007D6AAB /* Resources */ = {
			isa = PBXResourcesBuildPhase;
			buildActionMask = 2147483647;
			files = (
			);
			runOnlyForDeploymentPostprocessing = 0;
		};
/* End PBXResourcesBuildPhase section */

/* Begin PBXSourcesBuildPhase section */
		7CC7563A1BBCEF9F007D6AAB /* Sources */ = {
			isa = PBXSourcesBuildPhase;
			buildActionMask = 2147483647;
			files = (
				7CC756441BBCEF9F007D6AAB /* ViewController.swift in Sources */,
				7CC756421BBCEF9F007D6AAB /* AppDelegate.swift in Sources */,
			);
			runOnlyForDeploymentPostprocessing = 0;
		};
		7CC7564E1BBCEF9F007D6AAB /* Sources */ = {
			isa = PBXSourcesBuildPhase;
			buildActionMask = 2147483647;
			files = (
				7CC756571BBCEF9F007D6AAB /* MailboxTests.swift in Sources */,
			);
			runOnlyForDeploymentPostprocessing = 0;
		};
		7CC756591BBCEF9F007D6AAB /* Sources */ = {
			isa = PBXSourcesBuildPhase;
			buildActionMask = 2147483647;
			files = (
				7CC756621BBCEF9F007D6AAB /* MailboxUITests.swift in Sources */,
			);
			runOnlyForDeploymentPostprocessing = 0;
		};
/* End PBXSourcesBuildPhase section */

/* Begin PBXTargetDependency section */
		7CC756541BBCEF9F007D6AAB /* PBXTargetDependency */ = {
			isa = PBXTargetDependency;
			target = 7CC7563D1BBCEF9F007D6AAB /* Mailbox */;
			targetProxy = 7CC756531BBCEF9F007D6AAB /* PBXContainerItemProxy */;
		};
		7CC7565F1BBCEF9F007D6AAB /* PBXTargetDependency */ = {
			isa = PBXTargetDependency;
			target = 7CC7563D1BBCEF9F007D6AAB /* Mailbox */;
			targetProxy = 7CC7565E1BBCEF9F007D6AAB /* PBXContainerItemProxy */;
		};
/* End PBXTargetDependency section */

/* Begin PBXVariantGroup section */
		7CC756451BBCEF9F007D6AAB /* Main.storyboard */ = {
			isa = PBXVariantGroup;
			children = (
				7CC756461BBCEF9F007D6AAB /* Base */,
			);
			name = Main.storyboard;
			sourceTree = "<group>";
		};
		7CC7564A1BBCEF9F007D6AAB /* LaunchScreen.storyboard */ = {
			isa = PBXVariantGroup;
			children = (
				7CC7564B1BBCEF9F007D6AAB /* Base */,
			);
			name = LaunchScreen.storyboard;
			sourceTree = "<group>";
		};
/* End PBXVariantGroup section */

/* Begin XCBuildConfiguration section */
		7CC756641BBCEF9F007D6AAB /* Debug */ = {
			isa = XCBuildConfiguration;
			buildSettings = {
				ALWAYS_SEARCH_USER_PATHS = NO;
				CLANG_CXX_LANGUAGE_STANDARD = "gnu++0x";
				CLANG_CXX_LIBRARY = "libc++";
				CLANG_ENABLE_MODULES = YES;
				CLANG_ENABLE_OBJC_ARC = YES;
				CLANG_WARN_BOOL_CONVERSION = YES;
				CLANG_WARN_CONSTANT_CONVERSION = YES;
				CLANG_WARN_DIRECT_OBJC_ISA_USAGE = YES_ERROR;
				CLANG_WARN_EMPTY_BODY = YES;
				CLANG_WARN_ENUM_CONVERSION = YES;
				CLANG_WARN_INT_CONVERSION = YES;
				CLANG_WARN_OBJC_ROOT_CLASS = YES_ERROR;
				CLANG_WARN_UNREACHABLE_CODE = YES;
				CLANG_WARN__DUPLICATE_METHOD_MATCH = YES;
				"CODE_SIGN_IDENTITY[sdk=iphoneos*]" = "iPhone Developer";
				COPY_PHASE_STRIP = NO;
				DEBUG_INFORMATION_FORMAT = dwarf;
				ENABLE_STRICT_OBJC_MSGSEND = YES;
				ENABLE_TESTABILITY = YES;
				GCC_C_LANGUAGE_STANDARD = gnu99;
				GCC_DYNAMIC_NO_PIC = NO;
				GCC_NO_COMMON_BLOCKS = YES;
				GCC_OPTIMIZATION_LEVEL = 0;
				GCC_PREPROCESSOR_DEFINITIONS = (
					"DEBUG=1",
					"$(inherited)",
				);
				GCC_WARN_64_TO_32_BIT_CONVERSION = YES;
				GCC_WARN_ABOUT_RETURN_TYPE = YES_ERROR;
				GCC_WARN_UNDECLARED_SELECTOR = YES;
				GCC_WARN_UNINITIALIZED_AUTOS = YES_AGGRESSIVE;
				GCC_WARN_UNUSED_FUNCTION = YES;
				GCC_WARN_UNUSED_VARIABLE = YES;
				IPHONEOS_DEPLOYMENT_TARGET = 9.0;
				MTL_ENABLE_DEBUG_INFO = YES;
				ONLY_ACTIVE_ARCH = YES;
				SDKROOT = iphoneos;
				SWIFT_OPTIMIZATION_LEVEL = "-Onone";
			};
			name = Debug;
		};
		7CC756651BBCEF9F007D6AAB /* Release */ = {
			isa = XCBuildConfiguration;
			buildSettings = {
				ALWAYS_SEARCH_USER_PATHS = NO;
				CLANG_CXX_LANGUAGE_STANDARD = "gnu++0x";
				CLANG_CXX_LIBRARY = "libc++";
				CLANG_ENABLE_MODULES = YES;
				CLANG_ENABLE_OBJC_ARC = YES;
				CLANG_WARN_BOOL_CONVERSION = YES;
				CLANG_WARN_CONSTANT_CONVERSION = YES;
				CLANG_WARN_DIRECT_OBJC_ISA_USAGE = YES_ERROR;
				CLANG_WARN_EMPTY_BODY = YES;
				CLANG_WARN_ENUM_CONVERSION = YES;
				CLANG_WARN_INT_CONVERSION = YES;
				CLANG_WARN_OBJC_ROOT_CLASS = YES_ERROR;
				CLANG_WARN_UNREACHABLE_CODE = YES;
				CLANG_WARN__DUPLICATE_METHOD_MATCH = YES;
				"CODE_SIGN_IDENTITY[sdk=iphoneos*]" = "iPhone Developer";
				COPY_PHASE_STRIP = NO;
				DEBUG_INFORMATION_FORMAT = "dwarf-with-dsym";
				ENABLE_NS_ASSERTIONS = NO;
				ENABLE_STRICT_OBJC_MSGSEND = YES;
				GCC_C_LANGUAGE_STANDARD = gnu99;
				GCC_NO_COMMON_BLOCKS = YES;
				GCC_WARN_64_TO_32_BIT_CONVERSION = YES;
				GCC_WARN_ABOUT_RETURN_TYPE = YES_ERROR;
				GCC_WARN_UNDECLARED_SELECTOR = YES;
				GCC_WARN_UNINITIALIZED_AUTOS = YES_AGGRESSIVE;
				GCC_WARN_UNUSED_FUNCTION = YES;
				GCC_WARN_UNUSED_VARIABLE = YES;
				IPHONEOS_DEPLOYMENT_TARGET = 9.0;
				MTL_ENABLE_DEBUG_INFO = NO;
				SDKROOT = iphoneos;
				VALIDATE_PRODUCT = YES;
			};
			name = Release;
		};
		7CC756671BBCEF9F007D6AAB /* Debug */ = {
			isa = XCBuildConfiguration;
			buildSettings = {
				ASSETCATALOG_COMPILER_APPICON_NAME = AppIcon;
				INFOPLIST_FILE = Mailbox/Info.plist;
				LD_RUNPATH_SEARCH_PATHS = "$(inherited) @executable_path/Frameworks";
				PRODUCT_BUNDLE_IDENTIFIER = com.traceyewart.Mailbox;
				PRODUCT_NAME = "$(TARGET_NAME)";
			};
			name = Debug;
		};
		7CC756681BBCEF9F007D6AAB /* Release */ = {
			isa = XCBuildConfiguration;
			buildSettings = {
				ASSETCATALOG_COMPILER_APPICON_NAME = AppIcon;
				INFOPLIST_FILE = Mailbox/Info.plist;
				LD_RUNPATH_SEARCH_PATHS = "$(inherited) @executable_path/Frameworks";
				PRODUCT_BUNDLE_IDENTIFIER = com.traceyewart.Mailbox;
				PRODUCT_NAME = "$(TARGET_NAME)";
			};
			name = Release;
		};
		7CC7566A1BBCEF9F007D6AAB /* Debug */ = {
			isa = XCBuildConfiguration;
			buildSettings = {
				BUNDLE_LOADER = "$(TEST_HOST)";
				INFOPLIST_FILE = MailboxTests/Info.plist;
				LD_RUNPATH_SEARCH_PATHS = "$(inherited) @executable_path/Frameworks @loader_path/Frameworks";
				PRODUCT_BUNDLE_IDENTIFIER = com.traceyewart.MailboxTests;
				PRODUCT_NAME = "$(TARGET_NAME)";
				TEST_HOST = "$(BUILT_PRODUCTS_DIR)/Mailbox.app/Mailbox";
			};
			name = Debug;
		};
		7CC7566B1BBCEF9F007D6AAB /* Release */ = {
			isa = XCBuildConfiguration;
			buildSettings = {
				BUNDLE_LOADER = "$(TEST_HOST)";
				INFOPLIST_FILE = MailboxTests/Info.plist;
				LD_RUNPATH_SEARCH_PATHS = "$(inherited) @executable_path/Frameworks @loader_path/Frameworks";
				PRODUCT_BUNDLE_IDENTIFIER = com.traceyewart.MailboxTests;
				PRODUCT_NAME = "$(TARGET_NAME)";
				TEST_HOST = "$(BUILT_PRODUCTS_DIR)/Mailbox.app/Mailbox";
			};
			name = Release;
		};
		7CC7566D1BBCEF9F007D6AAB /* Debug */ = {
			isa = XCBuildConfiguration;
			buildSettings = {
				INFOPLIST_FILE = MailboxUITests/Info.plist;
				LD_RUNPATH_SEARCH_PATHS = "$(inherited) @executable_path/Frameworks @loader_path/Frameworks";
				PRODUCT_BUNDLE_IDENTIFIER = com.traceyewart.MailboxUITests;
				PRODUCT_NAME = "$(TARGET_NAME)";
				TEST_TARGET_NAME = Mailbox;
				USES_XCTRUNNER = YES;
			};
			name = Debug;
		};
		7CC7566E1BBCEF9F007D6AAB /* Release */ = {
			isa = XCBuildConfiguration;
			buildSettings = {
				INFOPLIST_FILE = MailboxUITests/Info.plist;
				LD_RUNPATH_SEARCH_PATHS = "$(inherited) @executable_path/Frameworks @loader_path/Frameworks";
				PRODUCT_BUNDLE_IDENTIFIER = com.traceyewart.MailboxUITests;
				PRODUCT_NAME = "$(TARGET_NAME)";
				TEST_TARGET_NAME = Mailbox;
				USES_XCTRUNNER = YES;
			};
			name = Release;
		};
/* End XCBuildConfiguration section */

/* Begin XCConfigurationList section */
		7CC756391BBCEF9F007D6AAB /* Build configuration list for PBXProject "Mailbox" */ = {
			isa = XCConfigurationList;
			buildConfigurations = (
				7CC756641BBCEF9F007D6AAB /* Debug */,
				7CC756651BBCEF9F007D6AAB /* Release */,
			);
			defaultConfigurationIsVisible = 0;
			defaultConfigurationName = Release;
		};
		7CC756661BBCEF9F007D6AAB /* Build configuration list for PBXNativeTarget "Mailbox" */ = {
			isa = XCConfigurationList;
			buildConfigurations = (
				7CC756671BBCEF9F007D6AAB /* Debug */,
				7CC756681BBCEF9F007D6AAB /* Release */,
			);
			defaultConfigurationIsVisible = 0;
		};
		7CC756691BBCEF9F007D6AAB /* Build configuration list for PBXNativeTarget "MailboxTests" */ = {
			isa = XCConfigurationList;
			buildConfigurations = (
				7CC7566A1BBCEF9F007D6AAB /* Debug */,
				7CC7566B1BBCEF9F007D6AAB /* Release */,
			);
			defaultConfigurationIsVisible = 0;
		};
		7CC7566C1BBCEF9F007D6AAB /* Build configuration list for PBXNativeTarget "MailboxUITests" */ = {
			isa = XCConfigurationList;
			buildConfigurations = (
				7CC7566D1BBCEF9F007D6AAB /* Debug */,
				7CC7566E1BBCEF9F007D6AAB /* Release */,
			);
			defaultConfigurationIsVisible = 0;
		};
/* End XCConfigurationList section */
	};
	rootObject = 7CC756361BBCEF9F007D6AAB /* Project object */;
}
